<?xml version="1.0" encoding="utf-8"?>
<Project ToolsVersion="4.0" xmlns="http://schemas.microsoft.com/developer/msbuild/2003">
  <ItemGroup>
    <Filter Include="全局文件">
      <UniqueIdentifier>{4FC737F1-C7A5-4376-A066-2A32D752A2FF}</UniqueIdentifier>
      <Extensions>cpp;c;cxx;def;odl;idl;hpj;bat;asm;asmx</Extensions>
    </Filter>
    <Filter Include="调度引擎">
      <UniqueIdentifier>{f457157a-f2c3-4065-be46-2897e267c0f2}</UniqueIdentifier>
    </Filter>
    <Filter Include="定时器引擎">
      <UniqueIdentifier>{1e280917-cd6f-45df-9ad2-b9b53d667151}</UniqueIdentifier>
    </Filter>
    <Filter Include="队列服务">
      <UniqueIdentifier>{afa49bcd-f7a2-4417-b323-111da6077028}</UniqueIdentifier>
    </Filter>
    <Filter Include="数据库引擎">
      <UniqueIdentifier>{484bb9fd-18f6-49df-ad6f-ccb4eebce3ee}</UniqueIdentifier>
    </Filter>
    <Filter Include="网络引擎">
      <UniqueIdentifier>{6fef7744-b44d-4726-8218-0f544a6bdf84}</UniqueIdentifier>
    </Filter>
    <Filter Include="资源文件">
      <UniqueIdentifier>{098c8904-bec4-44a2-94aa-874098697b42}</UniqueIdentifier>
    </Filter>
    <Filter Include="服务引擎">
      <UniqueIdentifier>{ef03c80c-1ef8-4f86-8c20-b3e32ed471df}</UniqueIdentifier>
    </Filter>
    <Filter Include="异步引擎">
      <UniqueIdentifier>{b7466e6d-00e6-4d9d-b317-705fa36fd9ab}</UniqueIdentifier>
    </Filter>
    <Filter Include="其它">
      <UniqueIdentifier>{ea43313a-bb45-4665-acb8-fb3d96b847cb}</UniqueIdentifier>
    </Filter>
  </ItemGroup>
  <ItemGroup>
    <ClCompile Include="KernelEngine.cpp">
      <Filter>全局文件</Filter>
    </ClCompile>
    <ClCompile Include="AttemperEngine.cpp">
      <Filter>调度引擎</Filter>
    </ClCompile>
    <ClCompile Include="TimerEngine.cpp">
      <Filter>定时器引擎</Filter>
    </ClCompile>
    <ClCompile Include="QueueService.cpp">
      <Filter>队列服务</Filter>
    </ClCompile>
    <ClCompile Include="DataBase.cpp">
      <Filter>数据库引擎</Filter>
    </ClCompile>
    <ClCompile Include="DataBaseAide.cpp">
      <Filter>数据库引擎</Filter>
    </ClCompile>
    <ClCompile Include="TCPNetworkEngine.cpp">
      <Filter>网络引擎</Filter>
    </ClCompile>
    <ClCompile Include="TCPSocketService.cpp">
      <Filter>网络引擎</Filter>
    </ClCompile>
    <ClCompile Include="TraceService.cpp">
      <Filter>服务引擎</Filter>
    </ClCompile>
    <ClCompile Include="AsynchronismEngine.cpp">
      <Filter>异步引擎</Filter>
    </ClCompile>
    <ClCompile Include="Stdafx.cpp">
      <Filter>其它</Filter>
    </ClCompile>
  </ItemGroup>
  <ItemGroup>
    <ClInclude Include="KernelEngineHead.h">
      <Filter>全局文件</Filter>
    </ClInclude>
    <ClInclude Include="AttemperEngine.h">
      <Filter>调度引擎</Filter>
    </ClInclude>
    <ClInclude Include="TimerEngine.h">
      <Filter>定时器引擎</Filter>
    </ClInclude>
    <ClInclude Include="QueueService.h">
      <Filter>队列服务</Filter>
    </ClInclude>
    <ClInclude Include="QueueServiceEvent.h">
      <Filter>队列服务</Filter>
    </ClInclude>
    <ClInclude Include="DataBase.h">
      <Filter>数据库引擎</Filter>
    </ClInclude>
    <ClInclude Include="DataBaseAide.h">
      <Filter>数据库引擎</Filter>
    </ClInclude>
    <ClInclude Include="TCPNetworkEngine.h">
      <Filter>网络引擎</Filter>
    </ClInclude>
    <ClInclude Include="TCPSocketService.h">
      <Filter>网络引擎</Filter>
    </ClInclude>
    <ClInclude Include="TraceService.h">
      <Filter>服务引擎</Filter>
    </ClInclude>
    <ClInclude Include="AsynchronismEngine.h">
      <Filter>异步引擎</Filter>
    </ClInclude>
    <ClInclude Include="Resource.h">
      <Filter>其它</Filter>
    </ClInclude>
    <ClInclude Include="Stdafx.h">
      <Filter>其它</Filter>
    </ClInclude>
  </ItemGroup>
  <ItemGroup>
    <ResourceCompile Include="KernelEngine.rc">
      <Filter>资源文件</Filter>
    </ResourceCompile>
  </ItemGroup>
  <ItemGroup>
    <None Include="res\KernelEngine.rc2">
      <Filter>资源文件</Filter>
    </None>
  </ItemGroup>
</Project>